
Microsoft Visual Studio Solution File, Format Version 12.00
# Visual Studio 15
Project("{FAE04EC0-301F-11D3-BF4B-00C04F79EFBC}") = "Assembly-CSharp", "Assembly-CSharp.csproj", "{B54D00E1-E3BD-13E2-BA6C-04C6EBF34521}"
EndProject
Project("{FAE04EC0-301F-11D3-BF4B-00C04F79EFBC}") = "AstarPathfindingProject", "AstarPathfindingProject.csproj", "{7855916C-26CC-45FC-98D0-1E575C6F141C}"
EndProject
Project("{FAE04EC0-301F-11D3-BF4B-00C04F79EFBC}") = "AstarPathfindingProjectEditor", "AstarPathfindingProjectEditor.csproj", "{4A52F303-1931-8A5A-E9E7-D20CFFF82063}"
EndProject
Project("{FAE04EC0-301F-11D3-BF4B-00C04F79EFBC}") = "PackageToolsEditor", "PackageToolsEditor.csproj", "{84650DB9-35E5-7900-25A0-7874DEFC4AE2}"
EndProject
Global
	GlobalSection(SolutionConfigurationPlatforms) = preSolution
		Debug|Any CPU = Debug|Any CPU
		Release|Any CPU = Release|Any CPU
	EndGlobalSection
	GlobalSection(ProjectConfigurationPlatforms) = postSolution
		{B54D00E1-E3BD-13E2-BA6C-04C6EBF34521}.Debug|Any CPU.ActiveCfg = Debug|Any CPU
		{B54D00E1-E3BD-13E2-BA6C-04C6EBF34521}.Debug|Any CPU.Build.0 = Debug|Any CPU
		{B54D00E1-E3BD-13E2-BA6C-04C6EBF34521}.Release|Any CPU.ActiveCfg = Release|Any CPU
		{B54D00E1-E3BD-13E2-BA6C-04C6EBF34521}.Release|Any CPU.Build.0 = Release|Any CPU
		{7855916C-26CC-45FC-98D0-1E575C6F141C}.Debug|Any CPU.ActiveCfg = Debug|Any CPU
		{7855916C-26CC-45FC-98D0-1E575C6F141C}.Debug|Any CPU.Build.0 = Debug|Any CPU
		{7855916C-26CC-45FC-98D0-1E575C6F141C}.Release|Any CPU.ActiveCfg = Release|Any CPU
		{7855916C-26CC-45FC-98D0-1E575C6F141C}.Release|Any CPU.Build.0 = Release|Any CPU
		{4A52F303-1931-8A5A-E9E7-D20CFFF82063}.Debug|Any CPU.ActiveCfg = Debug|Any CPU
		{4A52F303-1931-8A5A-E9E7-D20CFFF82063}.Debug|Any CPU.Build.0 = Debug|Any CPU
		{4A52F303-1931-8A5A-E9E7-D20CFFF82063}.Release|Any CPU.ActiveCfg = Release|Any CPU
		{4A52F303-1931-8A5A-E9E7-D20CFFF82063}.Release|Any CPU.Build.0 = Release|Any CPU
		{84650DB9-35E5-7900-25A0-7874DEFC4AE2}.Debug|Any CPU.ActiveCfg = Debug|Any CPU
		{84650DB9-35E5-7900-25A0-7874DEFC4AE2}.Debug|Any CPU.Build.0 = Debug|Any CPU
		{84650DB9-35E5-7900-25A0-7874DEFC4AE2}.Release|Any CPU.ActiveCfg = Release|Any CPU
		{84650DB9-35E5-7900-25A0-7874DEFC4AE2}.Release|Any CPU.Build.0 = Release|Any CPU
	EndGlobalSection
	GlobalSection(SolutionProperties) = preSolution
		HideSolutionNode = FALSE
	EndGlobalSection
EndGlobal
